
Microsoft Visual Studio Solution File, Format Version 12.00
# Visual Studio Version 17
VisualStudioVersion = 17.10.35027.167
MinimumVisualStudioVersion = 10.0.40219.1
Project("{FAE04EC0-301F-11D3-BF4B-00C04F79EFBC}") = "ToMi", "ToMi.csproj", "{6022CFAE-50E4-4E78-A132-68AB34289483}"
EndProject
Global
	GlobalSection(SolutionConfigurationPlatforms) = preSolution
		Debug|Any CPU = Debug|Any CPU
		Release|Any CPU = Release|Any CPU
	EndGlobalSection
	GlobalSection(ProjectConfigurationPlatforms) = postSolution
		{6022CFAE-50E4-4E78-A132-68AB34289483}.Debug|Any CPU.ActiveCfg = Debug|Any CPU
		{6022CFAE-50E4-4E78-A132-68AB34289483}.Debug|Any CPU.Build.0 = Debug|Any CPU
		{6022CFAE-50E4-4E78-A132-68AB34289483}.Debug|Any CPU.Deploy.0 = Debug|Any CPU
		{6022CFAE-50E4-4E78-A132-68AB34289483}.Release|Any CPU.ActiveCfg = Release|Any CPU
		{6022CFAE-50E4-4E78-A132-68AB34289483}.Release|Any CPU.Build.0 = Release|Any CPU
		{6022CFAE-50E4-4E78-A132-68AB34289483}.Release|Any CPU.Deploy.0 = Release|Any CPU
	EndGlobalSection
	GlobalSection(SolutionProperties) = preSolution
		HideSolutionNode = FALSE
	EndGlobalSection
	GlobalSection(ExtensibilityGlobals) = postSolution
		SolutionGuid = {09A9C16C-40D2-4AA2-94FA-EADBAB03B7F2}
	EndGlobalSection
EndGlobal
